// !$*UTF8*$!
{
	archiveVersion = 1;
	classes = {
	};
	objectVersion = 77;
	objects = {

/* Begin PBXContainerItemProxy section */
		DB1A128D2D300F10001388DE /* PBXContainerItemProxy */ = {
			isa = PBXContainerItemProxy;
			containerPortal = DB1A12712D300F0D001388DE /* Project object */;
			proxyType = 1;
			remoteGlobalIDString = DB1A12782D300F0D001388DE;
			remoteInfo = ZapTasks;
		};
		DB1A12972D300F10001388DE /* PBXContainerItemProxy */ = {
			isa = PBXContainerItemProxy;
			containerPortal = DB1A12712D300F0D001388DE /* Project object */;
			proxyType = 1;
			remoteGlobalIDString = DB1A12782D300F0D001388DE;
			remoteInfo = ZapTasks;
		};
/* End PBXContainerItemProxy section */

/* Begin PBXFileReference section */
		DB1A12792D300F0D001388DE /* ZapTasks.app */ = {isa = PBXFileReference; explicitFileType = wrapper.application; includeInIndex = 0; path = ZapTasks.app; sourceTree = BUILT_PRODUCTS_DIR; };
		DB1A128C2D300F10001388DE /* ZapTasksTests.xctest */ = {isa = PBXFileReference; explicitFileType = wrapper.cfbundle; includeInIndex = 0; path = ZapTasksTests.xctest; sourceTree = BUILT_PRODUCTS_DIR; };
		DB1A12962D300F10001388DE /* ZapTasksUITests.xctest */ = {isa = PBXFileReference; explicitFileType = wrapper.cfbundle; includeInIndex = 0; path = ZapTasksUITests.xctest; sourceTree = BUILT_PRODUCTS_DIR; };
/* End PBXFileReference section */

/* Begin PBXFileSystemSynchronizedRootGroup section */
		DB1A127B2D300F0D001388DE /* ZapTasks */ = {
			isa = PBXFileSystemSynchronizedRootGroup;
			path = ZapTasks;
			sourceTree = "<group>";
		};
		DB1A128F2D300F10001388DE /* ZapTasksTests */ = {
			isa = PBXFileSystemSynchronizedRootGroup;
			path = ZapTasksTests;
			sourceTree = "<group>";
		};
		DB1A12992D300F10001388DE /* ZapTasksUITests */ = {
			isa = PBXFileSystemSynchronizedRootGroup;
			path = ZapTasksUITests;
			sourceTree = "<group>";
		};
/* End PBXFileSystemSynchronizedRootGroup section */

/* Begin PBXFrameworksBuildPhase section */
		DB1A12762D300F0D001388DE /* Frameworks */ = {
			isa = PBXFrameworksBuildPhase;
			buildActionMask = 2147483647;
			files = (
			);
			runOnlyForDeploymentPostprocessing = 0;
		};
		DB1A12892D300F10001388DE /* Frameworks */ = {
			isa = PBXFrameworksBuildPhase;
			buildActionMask = 2147483647;
			files = (
			);
			runOnlyForDeploymentPostprocessing = 0;
		};
		DB1A12932D300F10001388DE /* Frameworks */ = {
			isa = PBXFrameworksBuildPhase;
			buildActionMask = 2147483647;
			files = (
			);
			runOnlyForDeploymentPostprocessing = 0;
		};
/* End PBXFrameworksBuildPhase section */

/* Begin PBXGroup section */
		DB1A12702D300F0D001388DE = {
			isa = PBXGroup;
			children = (
				DB1A127B2D300F0D001388DE /* ZapTasks */,
				DB1A128F2D300F10001388DE /* ZapTasksTests */,
				DB1A12992D300F10001388DE /* ZapTasksUITests */,
				DB1A127A2D300F0D001388DE /* Products */,
			);
			sourceTree = "<group>";
		};
		DB1A127A2D300F0D001388DE /* Products */ = {
			isa = PBXGroup;
			children = (
				DB1A12792D300F0D001388DE /* ZapTasks.app */,
				DB1A128C2D300F10001388DE /* ZapTasksTests.xctest */,
				DB1A12962D300F10001388DE /* ZapTasksUITests.xctest */,
			);
			name = Products;
			sourceTree = "<group>";
		};
/* End PBXGroup section */

/* Begin PBXNativeTarget section */
		DB1A12782D300F0D001388DE /* ZapTasks */ = {
			isa = PBXNativeTarget;
			buildConfigurationList = DB1A12A02D300F10001388DE /* Build configuration list for PBXNativeTarget "ZapTasks" */;
			buildPhases = (
				DB1A12752D300F0D001388DE /* Sources */,
				DB1A12762D300F0D001388DE /* Frameworks */,
				DB1A12772D300F0D001388DE /* Resources */,
			);
			buildRules = (
			);
			dependencies = (
			);
			fileSystemSynchronizedGroups = (
				DB1A127B2D300F0D001388DE /* ZapTasks */,
			);
			name = ZapTasks;
			packageProductDependencies = (
			);
			productName = ZapTasks;
			productReference = DB1A12792D300F0D001388DE /* ZapTasks.app */;
			productType = "com.apple.product-type.application";
		};
		DB1A128B2D300F10001388DE /* ZapTasksTests */ = {
			isa = PBXNativeTarget;
			buildConfigurationList = DB1A12A32D300F10001388DE /* Build configuration list for PBXNativeTarget "ZapTasksTests" */;
			buildPhases = (
				DB1A12882D300F10001388DE /* Sources */,
				DB1A12892D300F10001388DE /* Frameworks */,
				DB1A128A2D300F10001388DE /* Resources */,
			);
			buildRules = (
			);
			dependencies = (
				DB1A128E2D300F10001388DE /* PBXTargetDependency */,
			);
			fileSystemSynchronizedGroups = (
				DB1A128F2D300F10001388DE /* ZapTasksTests */,
			);
			name = ZapTasksTests;
			packageProductDependencies = (
			);
			productName = ZapTasksTests;
			productReference = DB1A128C2D300F10001388DE /* ZapTasksTests.xctest */;
			productType = "com.apple.product-type.bundle.unit-test";
		};
		DB1A12952D300F10001388DE /* ZapTasksUITests */ = {
			isa = PBXNativeTarget;
			buildConfigurationList = DB1A12A62D300F10001388DE /* Build configuration list for PBXNativeTarget "ZapTasksUITests" */;
			buildPhases = (
				DB1A12922D300F10001388DE /* Sources */,
				DB1A12932D300F10001388DE /* Frameworks */,
				DB1A12942D300F10001388DE /* Resources */,
			);
			buildRules = (
			);
			dependencies = (
				DB1A12982D300F10001388DE /* PBXTargetDependency */,
			);
			fileSystemSynchronizedGroups = (
				DB1A12992D300F10001388DE /* ZapTasksUITests */,
			);
			name = ZapTasksUITests;
			packageProductDependencies = (
			);
			productName = ZapTasksUITests;
			productReference = DB1A12962D300F10001388DE /* ZapTasksUITests.xctest */;
			productType = "com.apple.product-type.bundle.ui-testing";
		};
/* End PBXNativeTarget section */

/* Begin PBXProject section */
		DB1A12712D300F0D001388DE /* Project object */ = {
			isa = PBXProject;
			attributes = {
				BuildIndependentTargetsInParallel = 1;
				LastSwiftUpdateCheck = 1620;
				LastUpgradeCheck = 1620;
				TargetAttributes = {
					DB1A12782D300F0D001388DE = {
						CreatedOnToolsVersion = 16.2;
					};
					DB1A128B2D300F10001388DE = {
						CreatedOnToolsVersion = 16.2;
						TestTargetID = DB1A12782D300F0D001388DE;
					};
					DB1A12952D300F10001388DE = {
						CreatedOnToolsVersion = 16.2;
						TestTargetID = DB1A12782D300F0D001388DE;
					};
				};
			};
			buildConfigurationList = DB1A12742D300F0D001388DE /* Build configuration list for PBXProject "ZapTasks" */;
			developmentRegion = en;
			hasScannedForEncodings = 0;
			knownRegions = (
				en,
				Base,
			);
			mainGroup = DB1A12702D300F0D001388DE;
			minimizedProjectReferenceProxies = 1;
			preferredProjectObjectVersion = 77;
			productRefGroup = DB1A127A2D300F0D001388DE /* Products */;
			projectDirPath = "";
			projectRoot = "";
			targets = (
				DB1A12782D300F0D001388DE /* ZapTasks */,
				DB1A128B2D300F10001388DE /* ZapTasksTests */,
				DB1A12952D300F10001388DE /* ZapTasksUITests */,
			);
		};
/* End PBXProject section */

/* Begin PBXResourcesBuildPhase section */
		DB1A12772D300F0D001388DE /* Resources */ = {
			isa = PBXResourcesBuildPhase;
			buildActionMask = 2147483647;
			files = (
			);
			runOnlyForDeploymentPostprocessing = 0;
		};
		DB1A128A2D300F10001388DE /* Resources */ = {
			isa = PBXResourcesBuildPhase;
			buildActionMask = 2147483647;
			files = (
			);
			runOnlyForDeploymentPostprocessing = 0;
		};
		DB1A12942D300F10001388DE /* Resources */ = {
			isa = PBXResourcesBuildPhase;
			buildActionMask = 2147483647;
			files = (
			);
			runOnlyForDeploymentPostprocessing = 0;
		};
/* End PBXResourcesBuildPhase section */

/* Begin PBXSourcesBuildPhase section */
		DB1A12752D300F0D001388DE /* Sources */ = {
			isa = PBXSourcesBuildPhase;
			buildActionMask = 2147483647;
			files = (
			);
			runOnlyForDeploymentPostprocessing = 0;
		};
		DB1A12882D300F10001388DE /* Sources */ = {
			isa = PBXSourcesBuildPhase;
			buildActionMask = 2147483647;
			files = (
			);
			runOnlyForDeploymentPostprocessing = 0;
		};
		DB1A12922D300F10001388DE /* Sources */ = {
			isa = PBXSourcesBuildPhase;
			buildActionMask = 2147483647;
			files = (
			);
			runOnlyForDeploymentPostprocessing = 0;
		};
/* End PBXSourcesBuildPhase section */

/* Begin PBXTargetDependency section */
		DB1A128E2D300F10001388DE /* PBXTargetDependency */ = {
			isa = PBXTargetDependency;
			target = DB1A12782D300F0D001388DE /* ZapTasks */;
			targetProxy = DB1A128D2D300F10001388DE /* PBXContainerItemProxy */;
		};
		DB1A12982D300F10001388DE /* PBXTargetDependency */ = {
			isa = PBXTargetDependency;
			target = DB1A12782D300F0D001388DE /* ZapTasks */;
			targetProxy = DB1A12972D300F10001388DE /* PBXContainerItemProxy */;
		};
/* End PBXTargetDependency section */

/* Begin XCBuildConfiguration section */
		DB1A129E2D300F10001388DE /* Debug */ = {
			isa = XCBuildConfiguration;
			buildSettings = {
				ALWAYS_SEARCH_USER_PATHS = NO;
				ASSETCATALOG_COMPILER_GENERATE_SWIFT_ASSET_SYMBOL_EXTENSIONS = YES;
				CLANG_ANALYZER_NONNULL = YES;
				CLANG_ANALYZER_NUMBER_OBJECT_CONVERSION = YES_AGGRESSIVE;
				CLANG_CXX_LANGUAGE_STANDARD = "gnu++20";
				CLANG_ENABLE_MODULES = YES;
				CLANG_ENABLE_OBJC_ARC = YES;
				CLANG_ENABLE_OBJC_WEAK = YES;
				CLANG_WARN_BLOCK_CAPTURE_AUTORELEASING = YES;
				CLANG_WARN_BOOL_CONVERSION = YES;
				CLANG_WARN_COMMA = YES;
				CLANG_WARN_CONSTANT_CONVERSION = YES;
				CLANG_WARN_DEPRECATED_OBJC_IMPLEMENTATIONS = YES;
				CLANG_WARN_DIRECT_OBJC_ISA_USAGE = YES_ERROR;
				CLANG_WARN_DOCUMENTATION_COMMENTS = YES;
				CLANG_WARN_EMPTY_BODY = YES;
				CLANG_WARN_ENUM_CONVERSION = YES;
				CLANG_WARN_INFINITE_RECURSION = YES;
				CLANG_WARN_INT_CONVERSION = YES;
				CLANG_WARN_NON_LITERAL_NULL_CONVERSION = YES;
				CLANG_WARN_OBJC_IMPLICIT_RETAIN_SELF = YES;
				CLANG_WARN_OBJC_LITERAL_CONVERSION = YES;
				CLANG_WARN_OBJC_ROOT_CLASS = YES_ERROR;
				CLANG_WARN_QUOTED_INCLUDE_IN_FRAMEWORK_HEADER = YES;
				CLANG_WARN_RANGE_LOOP_ANALYSIS = YES;
				CLANG_WARN_STRICT_PROTOTYPES = YES;
				CLANG_WARN_SUSPICIOUS_MOVE = YES;
				CLANG_WARN_UNGUARDED_AVAILABILITY = YES_AGGRESSIVE;
				CLANG_WARN_UNREACHABLE_CODE = YES;
				CLANG_WARN__DUPLICATE_METHOD_MATCH = YES;
				COPY_PHASE_STRIP = NO;
				DEBUG_INFORMATION_FORMAT = dwarf;
				ENABLE_STRICT_OBJC_MSGSEND = YES;
				ENABLE_TESTABILITY = YES;
				ENABLE_USER_SCRIPT_SANDBOXING = YES;
				GCC_C_LANGUAGE_STANDARD = gnu17;
				GCC_DYNAMIC_NO_PIC = NO;
				GCC_NO_COMMON_BLOCKS = YES;
				GCC_OPTIMIZATION_LEVEL = 0;
				GCC_PREPROCESSOR_DEFINITIONS = (
					"DEBUG=1",
					"$(inherited)",
				);
				GCC_WARN_64_TO_32_BIT_CONVERSION = YES;
				GCC_WARN_ABOUT_RETURN_TYPE = YES_ERROR;
				GCC_WARN_UNDECLARED_SELECTOR = YES;
				GCC_WARN_UNINITIALIZED_AUTOS = YES_AGGRESSIVE;
				GCC_WARN_UNUSED_FUNCTION = YES;
				GCC_WARN_UNUSED_VARIABLE = YES;
				LOCALIZATION_PREFERS_STRING_CATALOGS = YES;
				MACOSX_DEPLOYMENT_TARGET = 15.2;
				MTL_ENABLE_DEBUG_INFO = INCLUDE_SOURCE;
				MTL_FAST_MATH = YES;
				ONLY_ACTIVE_ARCH = YES;
				SDKROOT = macosx;
				SWIFT_ACTIVE_COMPILATION_CONDITIONS = "DEBUG $(inherited)";
				SWIFT_OPTIMIZATION_LEVEL = "-Onone";
			};
			name = Debug;
		};
		DB1A129F2D300F10001388DE /* Release */ = {
			isa = XCBuildConfiguration;
			buildSettings = {
				ALWAYS_SEARCH_USER_PATHS = NO;
				ASSETCATALOG_COMPILER_GENERATE_SWIFT_ASSET_SYMBOL_EXTENSIONS = YES;
				CLANG_ANALYZER_NONNULL = YES;
				CLANG_ANALYZER_NUMBER_OBJECT_CONVERSION = YES_AGGRESSIVE;
				CLANG_CXX_LANGUAGE_STANDARD = "gnu++20";
				CLANG_ENABLE_MODULES = YES;
				CLANG_ENABLE_OBJC_ARC = YES;
				CLANG_ENABLE_OBJC_WEAK = YES;
				CLANG_WARN_BLOCK_CAPTURE_AUTORELEASING = YES;
				CLANG_WARN_BOOL_CONVERSION = YES;
				CLANG_WARN_COMMA = YES;
				CLANG_WARN_CONSTANT_CONVERSION = YES;
				CLANG_WARN_DEPRECATED_OBJC_IMPLEMENTATIONS = YES;
				CLANG_WARN_DIRECT_OBJC_ISA_USAGE = YES_ERROR;
				CLANG_WARN_DOCUMENTATION_COMMENTS = YES;
				CLANG_WARN_EMPTY_BODY = YES;
				CLANG_WARN_ENUM_CONVERSION = YES;
				CLANG_WARN_INFINITE_RECURSION = YES;
				CLANG_WARN_INT_CONVERSION = YES;
				CLANG_WARN_NON_LITERAL_NULL_CONVERSION = YES;
				CLANG_WARN_OBJC_IMPLICIT_RETAIN_SELF = YES;
				CLANG_WARN_OBJC_LITERAL_CONVERSION = YES;
				CLANG_WARN_OBJC_ROOT_CLASS = YES_ERROR;
				CLANG_WARN_QUOTED_INCLUDE_IN_FRAMEWORK_HEADER = YES;
				CLANG_WARN_RANGE_LOOP_ANALYSIS = YES;
				CLANG_WARN_STRICT_PROTOTYPES = YES;
				CLANG_WARN_SUSPICIOUS_MOVE = YES;
				CLANG_WARN_UNGUARDED_AVAILABILITY = YES_AGGRESSIVE;
				CLANG_WARN_UNREACHABLE_CODE = YES;
				CLANG_WARN__DUPLICATE_METHOD_MATCH = YES;
				COPY_PHASE_STRIP = NO;
				DEBUG_INFORMATION_FORMAT = "dwarf-with-dsym";
				ENABLE_NS_ASSERTIONS = NO;
				ENABLE_STRICT_OBJC_MSGSEND = YES;
				ENABLE_USER_SCRIPT_SANDBOXING = YES;
				GCC_C_LANGUAGE_STANDARD = gnu17;
				GCC_NO_COMMON_BLOCKS = YES;
				GCC_WARN_64_TO_32_BIT_CONVERSION = YES;
				GCC_WARN_ABOUT_RETURN_TYPE = YES_ERROR;
				GCC_WARN_UNDECLARED_SELECTOR = YES;
				GCC_WARN_UNINITIALIZED_AUTOS = YES_AGGRESSIVE;
				GCC_WARN_UNUSED_FUNCTION = YES;
				GCC_WARN_UNUSED_VARIABLE = YES;
				LOCALIZATION_PREFERS_STRING_CATALOGS = YES;
				MACOSX_DEPLOYMENT_TARGET = 15.2;
				MTL_ENABLE_DEBUG_INFO = NO;
				MTL_FAST_MATH = YES;
				SDKROOT = macosx;
				SWIFT_COMPILATION_MODE = wholemodule;
			};
			name = Release;
		};
		DB1A12A12D300F10001388DE /* Debug */ = {
			isa = XCBuildConfiguration;
			buildSettings = {
				ASSETCATALOG_COMPILER_APPICON_NAME = AppIcon;
				ASSETCATALOG_COMPILER_GLOBAL_ACCENT_COLOR_NAME = AccentColor;
				CODE_SIGN_ENTITLEMENTS = ZapTasks/ZapTasks.entitlements;
				"CODE_SIGN_IDENTITY[sdk=macosx*]" = "Apple Development";
				CODE_SIGN_STYLE = Automatic;
				COMBINE_HIDPI_IMAGES = YES;
				CURRENT_PROJECT_VERSION = 1;
				DEVELOPMENT_ASSET_PATHS = "\"ZapTasks/Preview Content\"";
				DEVELOPMENT_TEAM = KB487ZXYJ3;
				ENABLE_HARDENED_RUNTIME = YES;
				ENABLE_PREVIEWS = YES;
				GENERATE_INFOPLIST_FILE = YES;
				INFOPLIST_KEY_CFBundleDisplayName = ZapTasks;
				INFOPLIST_KEY_NSHumanReadableCopyright = "";
				LD_RUNPATH_SEARCH_PATHS = (
					"$(inherited)",
					"@executable_path/../Frameworks",
				);
				MACOSX_DEPLOYMENT_TARGET = 14.0;
				MARKETING_VERSION = 1.0;
				PRODUCT_BUNDLE_IDENTIFIER = com.trinix.ZapTasks;
				PRODUCT_NAME = "$(TARGET_NAME)";
				SWIFT_EMIT_LOC_STRINGS = YES;
				SWIFT_VERSION = 5.0;
			};
			name = Debug;
		};
		DB1A12A22D300F10001388DE /* Release */ = {
			isa = XCBuildConfiguration;
			buildSettings = {
				ASSETCATALOG_COMPILER_APPICON_NAME = AppIcon;
				ASSETCATALOG_COMPILER_GLOBAL_ACCENT_COLOR_NAME = AccentColor;
				CODE_SIGN_ENTITLEMENTS = ZapTasks/ZapTasks.entitlements;
				"CODE_SIGN_IDENTITY[sdk=macosx*]" = "Apple Development";
				CODE_SIGN_STYLE = Automatic;
				COMBINE_HIDPI_IMAGES = YES;
				CURRENT_PROJECT_VERSION = 1;
				DEVELOPMENT_ASSET_PATHS = "\"ZapTasks/Preview Content\"";
				DEVELOPMENT_TEAM = KB487ZXYJ3;
				ENABLE_HARDENED_RUNTIME = YES;
				ENABLE_PREVIEWS = YES;
				GENERATE_INFOPLIST_FILE = YES;
				INFOPLIST_KEY_CFBundleDisplayName = ZapTasks;
				INFOPLIST_KEY_NSHumanReadableCopyright = "";
				LD_RUNPATH_SEARCH_PATHS = (
					"$(inherited)",
					"@executable_path/../Frameworks",
				);
				MACOSX_DEPLOYMENT_TARGET = 14.0;
				MARKETING_VERSION = 1.0;
				PRODUCT_BUNDLE_IDENTIFIER = com.trinix.ZapTasks;
				PRODUCT_NAME = "$(TARGET_NAME)";
				SWIFT_EMIT_LOC_STRINGS = YES;
				SWIFT_VERSION = 5.0;
			};
			name = Release;
		};
		DB1A12A42D300F10001388DE /* Debug */ = {
			isa = XCBuildConfiguration;
			buildSettings = {
				BUNDLE_LOADER = "$(TEST_HOST)";
				CODE_SIGN_STYLE = Automatic;
				CURRENT_PROJECT_VERSION = 1;
				DEVELOPMENT_TEAM = KB487ZXYJ3;
				GENERATE_INFOPLIST_FILE = YES;
				MACOSX_DEPLOYMENT_TARGET = 14.0;
				MARKETING_VERSION = 1.0;
				PRODUCT_BUNDLE_IDENTIFIER = com.trinix.ZapTasksTests;
				PRODUCT_NAME = "$(TARGET_NAME)";
				SWIFT_EMIT_LOC_STRINGS = NO;
				SWIFT_VERSION = 5.0;
				TEST_HOST = "$(BUILT_PRODUCTS_DIR)/ZapTasks.app/$(BUNDLE_EXECUTABLE_FOLDER_PATH)/ZapTasks";
			};
			name = Debug;
		};
		DB1A12A52D300F10001388DE /* Release */ = {
			isa = XCBuildConfiguration;
			buildSettings = {
				BUNDLE_LOADER = "$(TEST_HOST)";
				CODE_SIGN_STYLE = Automatic;
				CURRENT_PROJECT_VERSION = 1;
				DEVELOPMENT_TEAM = KB487ZXYJ3;
				GENERATE_INFOPLIST_FILE = YES;
				MACOSX_DEPLOYMENT_TARGET = 14.0;
				MARKETING_VERSION = 1.0;
				PRODUCT_BUNDLE_IDENTIFIER = com.trinix.ZapTasksTests;
				PRODUCT_NAME = "$(TARGET_NAME)";
				SWIFT_EMIT_LOC_STRINGS = NO;
				SWIFT_VERSION = 5.0;
				TEST_HOST = "$(BUILT_PRODUCTS_DIR)/ZapTasks.app/$(BUNDLE_EXECUTABLE_FOLDER_PATH)/ZapTasks";
			};
			name = Release;
		};
		DB1A12A72D300F10001388DE /* Debug */ = {
			isa = XCBuildConfiguration;
			buildSettings = {
				CODE_SIGN_STYLE = Automatic;
				CURRENT_PROJECT_VERSION = 1;
				DEVELOPMENT_TEAM = KB487ZXYJ3;
				GENERATE_INFOPLIST_FILE = YES;
				MARKETING_VERSION = 1.0;
				PRODUCT_BUNDLE_IDENTIFIER = com.trinix.ZapTasksUITests;
				PRODUCT_NAME = "$(TARGET_NAME)";
				SWIFT_EMIT_LOC_STRINGS = NO;
				SWIFT_VERSION = 5.0;
				TEST_TARGET_NAME = ZapTasks;
			};
			name = Debug;
		};
		DB1A12A82D300F10001388DE /* Release */ = {
			isa = XCBuildConfiguration;
			buildSettings = {
				CODE_SIGN_STYLE = Automatic;
				CURRENT_PROJECT_VERSION = 1;
				DEVELOPMENT_TEAM = KB487ZXYJ3;
				GENERATE_INFOPLIST_FILE = YES;
				MARKETING_VERSION = 1.0;
				PRODUCT_BUNDLE_IDENTIFIER = com.trinix.ZapTasksUITests;
				PRODUCT_NAME = "$(TARGET_NAME)";
				SWIFT_EMIT_LOC_STRINGS = NO;
				SWIFT_VERSION = 5.0;
				TEST_TARGET_NAME = ZapTasks;
			};
			name = Release;
		};
/* End XCBuildConfiguration section */

/* Begin XCConfigurationList section */
		DB1A12742D300F0D001388DE /* Build configuration list for PBXProject "ZapTasks" */ = {
			isa = XCConfigurationList;
			buildConfigurations = (
				DB1A129E2D300F10001388DE /* Debug */,
				DB1A129F2D300F10001388DE /* Release */,
			);
			defaultConfigurationIsVisible = 0;
			defaultConfigurationName = Release;
		};
		DB1A12A02D300F10001388DE /* Build configuration list for PBXNativeTarget "ZapTasks" */ = {
			isa = XCConfigurationList;
			buildConfigurations = (
				DB1A12A12D300F10001388DE /* Debug */,
				DB1A12A22D300F10001388DE /* Release */,
			);
			defaultConfigurationIsVisible = 0;
			defaultConfigurationName = Release;
		};
		DB1A12A32D300F10001388DE /* Build configuration list for PBXNativeTarget "ZapTasksTests" */ = {
			isa = XCConfigurationList;
			buildConfigurations = (
				DB1A12A42D300F10001388DE /* Debug */,
				DB1A12A52D300F10001388DE /* Release */,
			);
			defaultConfigurationIsVisible = 0;
			defaultConfigurationName = Release;
		};
		DB1A12A62D300F10001388DE /* Build configuration list for PBXNativeTarget "ZapTasksUITests" */ = {
			isa = XCConfigurationList;
			buildConfigurations = (
				DB1A12A72D300F10001388DE /* Debug */,
				DB1A12A82D300F10001388DE /* Release */,
			);
			defaultConfigurationIsVisible = 0;
			defaultConfigurationName = Release;
		};
/* End XCConfigurationList section */
	};
	rootObject = DB1A12712D300F0D001388DE /* Project object */;
}
